
Microsoft Visual Studio Solution File, Format Version 12.00
# Visual Studio Version 17
VisualStudioVersion = 17.5.002.0
MinimumVisualStudioVersion = 10.0.40219.1
Project("{9A19103F-16F7-4668-BE54-9A1E7A4F7556}") = "MyRedFinProject", "MyRedFinProject.csproj", "{3001744D-7A30-44C8-A85B-FBE9A65EFFC6}"
EndProject
Global
	GlobalSection(SolutionConfigurationPlatforms) = preSolution
		Debug|Any CPU = Debug|Any CPU
		Release|Any CPU = Release|Any CPU
	EndGlobalSection
	GlobalSection(ProjectConfigurationPlatforms) = postSolution
		{3001744D-7A30-44C8-A85B-FBE9A65EFFC6}.Debug|Any CPU.ActiveCfg = Debug|Any CPU
		{3001744D-7A30-44C8-A85B-FBE9A65EFFC6}.Debug|Any CPU.Build.0 = Debug|Any CPU
		{3001744D-7A30-44C8-A85B-FBE9A65EFFC6}.Release|Any CPU.ActiveCfg = Release|Any CPU
		{3001744D-7A30-44C8-A85B-FBE9A65EFFC6}.Release|Any CPU.Build.0 = Release|Any CPU
	EndGlobalSection
	GlobalSection(SolutionProperties) = preSolution
		HideSolutionNode = FALSE
	EndGlobalSection
	GlobalSection(ExtensibilityGlobals) = postSolution
		SolutionGuid = {99D29B44-7DD8-4D74-9626-905F02A0389B}
	EndGlobalSection
EndGlobal
